{
    "_readme": [
        "This file locks the dependencies of your project to a known state",
        "Read more about it at http://getcomposer.org/doc/01-basic-usage.md#composer-lock-the-lock-file"
    ],
    "hash": "6fc674a3510045fd821c200898eb58e8",
    "packages": [
        {
            "name": "google/apiclient",
            "version": "dev-master",
            "source": {
                "type": "git",
                "url": "https://github.com/google/google-api-php-client.git",
                "reference": "45cc7b69e396c645d9fced23c176ba65ef061cb9"
            },
            "dist": {
                "type": "zip",
                "url": "https://api.github.com/repos/google/google-api-php-client/zipball/45cc7b69e396c645d9fced23c176ba65ef061cb9",
                "reference": "45cc7b69e396c645d9fced23c176ba65ef061cb9",
                "shasum": ""
            },
            "require": {
                "php": ">=5.2.1"
            },
            "type": "library",
            "autoload": {
                "classmap": [
                    "src/"
                ]
            },
            "notification-url": "https://packagist.org/downloads/",
            "include-path": [
                "src/"
            ],
            "license": [
                "Apache-2.0"
            ],
            "description": "Client library for Google APIs",
            "homepage": "http://developers.google.com/api-client-library/php",
            "keywords": [
                "google"
            ],
            "time": "2014-01-13 13:13:34"
        },
        {
            "name": "iio/libmergepdf",
            "version": "2.3.1",
            "source": {
                "type": "git",
                "url": "https://github.com/iio/libmergepdf.git",
                "reference": "e8eebcac18973d3e13a5165ad4229111537764bf"
            },
            "dist": {
                "type": "zip",
                "url": "https://api.github.com/repos/iio/libmergepdf/zipball/e8eebcac18973d3e13a5165ad4229111537764bf",
                "reference": "e8eebcac18973d3e13a5165ad4229111537764bf",
                "shasum": ""
            },
            "require": {
                "itbz/fpdi": "1.4.*",
                "php": ">=5.3.0"
            },
            "require-dev": {
                "symfony/finder": "2.*"
            },
            "suggest": {
                "symfony/finder": "Bulk add files using finder."
            },
            "type": "library",
            "autoload": {
                "psr-0": {
                    "iio\\libmergepdf": "src/"
                }
            },
            "notification-url": "https://packagist.org/downloads/",
            "license": [
                "MIT"
            ],
            "authors": [
                {
                    "name": "Hannes Forsgård",
                    "email": "hannes.forsgard@fripost.org"
                }
            ],
            "description": "Library for merging multiple PDFs",
            "homepage": "https://github.com/iio/libmergepdf",
            "keywords": [
                "concatenate",
                "merge",
                "pdf"
            ],
            "time": "2013-11-18 00:11:38"
        },
        {
            "name": "itbz/fpdf",
            "version": "1.7.2",
            "source": {
                "type": "git",
                "url": "https://github.com/iio/fpdf.git",
                "reference": "06d02a7bf227a62d37691a4e7e9c3a35efcb41c3"
            },
            "dist": {
                "type": "zip",
                "url": "https://api.github.com/repos/iio/fpdf/zipball/06d02a7bf227a62d37691a4e7e9c3a35efcb41c3",
                "reference": "06d02a7bf227a62d37691a4e7e9c3a35efcb41c3",
                "shasum": ""
            },
            "require": {
                "php": ">=5.3.0"
            },
            "type": "library",
            "autoload": {
                "psr-0": {
                    "fpdf": "src/"
                }
            },
            "notification-url": "https://packagist.org/downloads/",
            "license": [
                "no usage restriction"
            ],
            "description": "Unofficial PSR-0 compliant version of the FPDF library",
            "homepage": "http://www.fpdf.org/",
            "time": "2013-12-27 14:18:15"
        },
        {
            "name": "itbz/fpdi",
            "version": "1.4.4",
            "source": {
                "type": "git",
                "url": "https://github.com/iio/fpdi.git",
                "reference": "89a7e66fd3289cc7ce06eb80306de3c5835b1f1e"
            },
            "dist": {
                "type": "zip",
                "url": "https://api.github.com/repos/iio/fpdi/zipball/89a7e66fd3289cc7ce06eb80306de3c5835b1f1e",
                "reference": "89a7e66fd3289cc7ce06eb80306de3c5835b1f1e",
                "shasum": ""
            },
            "require": {
                "itbz/fpdf": "1.7.*",
                "php": ">=5.3.0"
            },
            "type": "library",
            "autoload": {
                "psr-0": {
                    "fpdi": "src/"
                }
            },
            "notification-url": "https://packagist.org/downloads/",
            "license": [
                "Apache-2.0"
            ],
            "description": "Unofficial PSR-0 compliant version of the FPDI library",
            "time": "2013-10-28 12:15:49"
        },
        {
            "name": "slim/slim",
            "version": "2.4.0",
            "source": {
                "type": "git",
                "url": "https://github.com/codeguy/Slim.git",
                "reference": "ff7d7148848fa4f45712984d7b91ac3cbced586b"
            },
            "dist": {
                "type": "zip",
                "url": "https://api.github.com/repos/codeguy/Slim/zipball/ff7d7148848fa4f45712984d7b91ac3cbced586b",
                "reference": "ff7d7148848fa4f45712984d7b91ac3cbced586b",
                "shasum": ""
            },
            "require": {
                "php": ">=5.3.0"
            },
            "suggest": {
                "ext-mcrypt": "Required for HTTP cookie encryption"
            },
            "type": "library",
            "autoload": {
                "psr-0": {
                    "Slim": "."
                }
            },
            "notification-url": "https://packagist.org/downloads/",
            "license": [
                "MIT"
            ],
            "authors": [
                {
                    "name": "Josh Lockhart",
                    "email": "info@joshlockhart.com",
                    "homepage": "http://www.joshlockhart.com/"
                }
            ],
            "description": "Slim Framework, a PHP micro framework",
            "homepage": "http://github.com/codeguy/Slim",
            "keywords": [
                "microframework",
                "rest",
                "router"
            ],
            "time": "2013-11-29 20:33:36"
        }
    ],
    "packages-dev": [

    ],
    "aliases": [

    ],
    "minimum-stability": "stable",
    "stability-flags": {
        "google/apiclient": 20
    },
    "platform": [

    ],
    "platform-dev": [

    ]
}
